// !$*UTF8*$!
{
	archiveVersion = 1;
	classes = {
	};
	objectVersion = 46;
	objects = {

/* Begin PBXBuildFile section */
		FA14292C16EEBA5A00FEDF85 /* UIKit.framework in Frameworks */ = {isa = PBXBuildFile; fileRef = FA14292B16EEBA5A00FEDF85 /* UIKit.framework */; };
		FA14292E16EEBA5A00FEDF85 /* Foundation.framework in Frameworks */ = {isa = PBXBuildFile; fileRef = FA14292D16EEBA5A00FEDF85 /* Foundation.framework */; };
		FA14293016EEBA5A00FEDF85 /* CoreGraphics.framework in Frameworks */ = {isa = PBXBuildFile; fileRef = FA14292F16EEBA5A00FEDF85 /* CoreGraphics.framework */; };
		FA14293616EEBA5A00FEDF85 /* InfoPlist.strings in Resources */ = {isa = PBXBuildFile; fileRef = FA14293416EEBA5A00FEDF85 /* InfoPlist.strings */; };
		FA14293816EEBA5A00FEDF85 /* main.m in Sources */ = {isa = PBXBuildFile; fileRef = FA14293716EEBA5A00FEDF85 /* main.m */; };
		FA14293C16EEBA5A00FEDF85 /* CUAppDelegate.m in Sources */ = {isa = PBXBuildFile; fileRef = FA14293B16EEBA5A00FEDF85 /* CUAppDelegate.m */; };
		FA14293E16EEBA5A00FEDF85 /* Default.png in Resources */ = {isa = PBXBuildFile; fileRef = FA14293D16EEBA5A00FEDF85 /* Default.png */; };
		FA14294016EEBA5A00FEDF85 /* Default@2x.png in Resources */ = {isa = PBXBuildFile; fileRef = FA14293F16EEBA5A00FEDF85 /* Default@2x.png */; };
		FA14294216EEBA5A00FEDF85 /* Default-568h@2x.png in Resources */ = {isa = PBXBuildFile; fileRef = FA14294116EEBA5A00FEDF85 /* Default-568h@2x.png */; };
		FA14294516EEBA5A00FEDF85 /* MainStoryboard.storyboard in Resources */ = {isa = PBXBuildFile; fileRef = FA14294316EEBA5A00FEDF85 /* MainStoryboard.storyboard */; };
		FA14294816EEBA5A00FEDF85 /* CUViewController.m in Sources */ = {isa = PBXBuildFile; fileRef = FA14294716EEBA5A00FEDF85 /* CUViewController.m */; };
		FA7A56D316F15CBB00796E42 /* CUDummyViewController.m in Sources */ = {isa = PBXBuildFile; fileRef = FA7A56D216F15CBB00796E42 /* CUDummyViewController.m */; };
		FA9A824916F1450E0050EA1A /* CUDetailViewController.m in Sources */ = {isa = PBXBuildFile; fileRef = FA9A824816F1450E0050EA1A /* CUDetailViewController.m */; };
/* End PBXBuildFile section */

/* Begin PBXFileReference section */
		FA14292816EEBA5A00FEDF85 /* NavigationExample.app */ = {isa = PBXFileReference; explicitFileType = wrapper.application; includeInIndex = 0; path = NavigationExample.app; sourceTree = BUILT_PRODUCTS_DIR; };
		FA14292B16EEBA5A00FEDF85 /* UIKit.framework */ = {isa = PBXFileReference; lastKnownFileType = wrapper.framework; name = UIKit.framework; path = System/Library/Frameworks/UIKit.framework; sourceTree = SDKROOT; };
		FA14292D16EEBA5A00FEDF85 /* Foundation.framework */ = {isa = PBXFileReference; lastKnownFileType = wrapper.framework; name = Foundation.framework; path = System/Library/Frameworks/Foundation.framework; sourceTree = SDKROOT; };
		FA14292F16EEBA5A00FEDF85 /* CoreGraphics.framework */ = {isa = PBXFileReference; lastKnownFileType = wrapper.framework; name = CoreGraphics.framework; path = System/Library/Frameworks/CoreGraphics.framework; sourceTree = SDKROOT; };
		FA14293316EEBA5A00FEDF85 /* NavigationExample-Info.plist */ = {isa = PBXFileReference; lastKnownFileType = text.plist.xml; path = "NavigationExample-Info.plist"; sourceTree = "<group>"; };
		FA14293516EEBA5A00FEDF85 /* en */ = {isa = PBXFileReference; lastKnownFileType = text.plist.strings; name = en; path = en.lproj/InfoPlist.strings; sourceTree = "<group>"; };
		FA14293716EEBA5A00FEDF85 /* main.m */ = {isa = PBXFileReference; lastKnownFileType = sourcecode.c.objc; path = main.m; sourceTree = "<group>"; };
		FA14293916EEBA5A00FEDF85 /* NavigationExample-Prefix.pch */ = {isa = PBXFileReference; lastKnownFileType = sourcecode.c.h; path = "NavigationExample-Prefix.pch"; sourceTree = "<group>"; };
		FA14293A16EEBA5A00FEDF85 /* CUAppDelegate.h */ = {isa = PBXFileReference; lastKnownFileType = sourcecode.c.h; path = CUAppDelegate.h; sourceTree = "<group>"; };
		FA14293B16EEBA5A00FEDF85 /* CUAppDelegate.m */ = {isa = PBXFileReference; lastKnownFileType = sourcecode.c.objc; path = CUAppDelegate.m; sourceTree = "<group>"; };
		FA14293D16EEBA5A00FEDF85 /* Default.png */ = {isa = PBXFileReference; lastKnownFileType = image.png; path = Default.png; sourceTree = "<group>"; };
		FA14293F16EEBA5A00FEDF85 /* Default@2x.png */ = {isa = PBXFileReference; lastKnownFileType = image.png; path = "Default@2x.png"; sourceTree = "<group>"; };
		FA14294116EEBA5A00FEDF85 /* Default-568h@2x.png */ = {isa = PBXFileReference; lastKnownFileType = image.png; path = "Default-568h@2x.png"; sourceTree = "<group>"; };
		FA14294416EEBA5A00FEDF85 /* en */ = {isa = PBXFileReference; lastKnownFileType = file.storyboard; name = en; path = en.lproj/MainStoryboard.storyboard; sourceTree = "<group>"; };
		FA14294616EEBA5A00FEDF85 /* CUViewController.h */ = {isa = PBXFileReference; lastKnownFileType = sourcecode.c.h; path = CUViewController.h; sourceTree = "<group>"; };
		FA14294716EEBA5A00FEDF85 /* CUViewController.m */ = {isa = PBXFileReference; lastKnownFileType = sourcecode.c.objc; path = CUViewController.m; sourceTree = "<group>"; };
		FA7A56D116F15CBB00796E42 /* CUDummyViewController.h */ = {isa = PBXFileReference; fileEncoding = 4; lastKnownFileType = sourcecode.c.h; path = CUDummyViewController.h; sourceTree = "<group>"; };
		FA7A56D216F15CBB00796E42 /* CUDummyViewController.m */ = {isa = PBXFileReference; fileEncoding = 4; lastKnownFileType = sourcecode.c.objc; path = CUDummyViewController.m; sourceTree = "<group>"; };
		FA9A824716F1450E0050EA1A /* CUDetailViewController.h */ = {isa = PBXFileReference; fileEncoding = 4; lastKnownFileType = sourcecode.c.h; path = CUDetailViewController.h; sourceTree = "<group>"; };
		FA9A824816F1450E0050EA1A /* CUDetailViewController.m */ = {isa = PBXFileReference; fileEncoding = 4; lastKnownFileType = sourcecode.c.objc; path = CUDetailViewController.m; sourceTree = "<group>"; };
/* End PBXFileReference section */

/* Begin PBXFrameworksBuildPhase section */
		FA14292516EEBA5A00FEDF85 /* Frameworks */ = {
			isa = PBXFrameworksBuildPhase;
			buildActionMask = 2147483647;
			files = (
				FA14292C16EEBA5A00FEDF85 /* UIKit.framework in Frameworks */,
				FA14292E16EEBA5A00FEDF85 /* Foundation.framework in Frameworks */,
				FA14293016EEBA5A00FEDF85 /* CoreGraphics.framework in Frameworks */,
			);
			runOnlyForDeploymentPostprocessing = 0;
		};
/* End PBXFrameworksBuildPhase section */

/* Begin PBXGroup section */
		FA14291F16EEBA5A00FEDF85 = {
			isa = PBXGroup;
			children = (
				FA14293116EEBA5A00FEDF85 /* NavigationExample */,
				FA14292A16EEBA5A00FEDF85 /* Frameworks */,
				FA14292916EEBA5A00FEDF85 /* Products */,
			);
			sourceTree = "<group>";
		};
		FA14292916EEBA5A00FEDF85 /* Products */ = {
			isa = PBXGroup;
			children = (
				FA14292816EEBA5A00FEDF85 /* NavigationExample.app */,
			);
			name = Products;
			sourceTree = "<group>";
		};
		FA14292A16EEBA5A00FEDF85 /* Frameworks */ = {
			isa = PBXGroup;
			children = (
				FA14292B16EEBA5A00FEDF85 /* UIKit.framework */,
				FA14292D16EEBA5A00FEDF85 /* Foundation.framework */,
				FA14292F16EEBA5A00FEDF85 /* CoreGraphics.framework */,
			);
			name = Frameworks;
			sourceTree = "<group>";
		};
		FA14293116EEBA5A00FEDF85 /* NavigationExample */ = {
			isa = PBXGroup;
			children = (
				FA7A56D116F15CBB00796E42 /* CUDummyViewController.h */,
				FA7A56D216F15CBB00796E42 /* CUDummyViewController.m */,
				FA7A56CD16F1556B00796E42 /* Grupo1 */,
				FA14293A16EEBA5A00FEDF85 /* CUAppDelegate.h */,
				FA14293B16EEBA5A00FEDF85 /* CUAppDelegate.m */,
				FA14294316EEBA5A00FEDF85 /* MainStoryboard.storyboard */,
				FA14294616EEBA5A00FEDF85 /* CUViewController.h */,
				FA14294716EEBA5A00FEDF85 /* CUViewController.m */,
				FA14293216EEBA5A00FEDF85 /* Supporting Files */,
				FA9A824716F1450E0050EA1A /* CUDetailViewController.h */,
				FA9A824816F1450E0050EA1A /* CUDetailViewController.m */,
			);
			path = NavigationExample;
			sourceTree = "<group>";
		};
		FA14293216EEBA5A00FEDF85 /* Supporting Files */ = {
			isa = PBXGroup;
			children = (
				FA14293316EEBA5A00FEDF85 /* NavigationExample-Info.plist */,
				FA14293416EEBA5A00FEDF85 /* InfoPlist.strings */,
				FA14293716EEBA5A00FEDF85 /* main.m */,
				FA14293916EEBA5A00FEDF85 /* NavigationExample-Prefix.pch */,
				FA14293D16EEBA5A00FEDF85 /* Default.png */,
				FA14293F16EEBA5A00FEDF85 /* Default@2x.png */,
				FA14294116EEBA5A00FEDF85 /* Default-568h@2x.png */,
			);
			name = "Supporting Files";
			sourceTree = "<group>";
		};
		FA7A56CD16F1556B00796E42 /* Grupo1 */ = {
			isa = PBXGroup;
			children = (
			);
			name = Grupo1;
			sourceTree = "<group>";
		};
/* End PBXGroup section */

/* Begin PBXNativeTarget section */
		FA14292716EEBA5A00FEDF85 /* NavigationExample */ = {
			isa = PBXNativeTarget;
			buildConfigurationList = FA14294B16EEBA5A00FEDF85 /* Build configuration list for PBXNativeTarget "NavigationExample" */;
			buildPhases = (
				FA14292416EEBA5A00FEDF85 /* Sources */,
				FA14292516EEBA5A00FEDF85 /* Frameworks */,
				FA14292616EEBA5A00FEDF85 /* Resources */,
			);
			buildRules = (
			);
			dependencies = (
			);
			name = NavigationExample;
			productName = NavigationExample;
			productReference = FA14292816EEBA5A00FEDF85 /* NavigationExample.app */;
			productType = "com.apple.product-type.application";
		};
/* End PBXNativeTarget section */

/* Begin PBXProject section */
		FA14292016EEBA5A00FEDF85 /* Project object */ = {
			isa = PBXProject;
			attributes = {
				CLASSPREFIX = CU;
				LastUpgradeCheck = 0460;
				ORGANIZATIONNAME = Alex;
			};
			buildConfigurationList = FA14292316EEBA5A00FEDF85 /* Build configuration list for PBXProject "NavigationExample" */;
			compatibilityVersion = "Xcode 3.2";
			developmentRegion = English;
			hasScannedForEncodings = 0;
			knownRegions = (
				en,
			);
			mainGroup = FA14291F16EEBA5A00FEDF85;
			productRefGroup = FA14292916EEBA5A00FEDF85 /* Products */;
			projectDirPath = "";
			projectRoot = "";
			targets = (
				FA14292716EEBA5A00FEDF85 /* NavigationExample */,
			);
		};
/* End PBXProject section */

/* Begin PBXResourcesBuildPhase section */
		FA14292616EEBA5A00FEDF85 /* Resources */ = {
			isa = PBXResourcesBuildPhase;
			buildActionMask = 2147483647;
			files = (
				FA14293616EEBA5A00FEDF85 /* InfoPlist.strings in Resources */,
				FA14293E16EEBA5A00FEDF85 /* Default.png in Resources */,
				FA14294016EEBA5A00FEDF85 /* Default@2x.png in Resources */,
				FA14294216EEBA5A00FEDF85 /* Default-568h@2x.png in Resources */,
				FA14294516EEBA5A00FEDF85 /* MainStoryboard.storyboard in Resources */,
			);
			runOnlyForDeploymentPostprocessing = 0;
		};
/* End PBXResourcesBuildPhase section */

/* Begin PBXSourcesBuildPhase section */
		FA14292416EEBA5A00FEDF85 /* Sources */ = {
			isa = PBXSourcesBuildPhase;
			buildActionMask = 2147483647;
			files = (
				FA14293816EEBA5A00FEDF85 /* main.m in Sources */,
				FA14293C16EEBA5A00FEDF85 /* CUAppDelegate.m in Sources */,
				FA14294816EEBA5A00FEDF85 /* CUViewController.m in Sources */,
				FA9A824916F1450E0050EA1A /* CUDetailViewController.m in Sources */,
				FA7A56D316F15CBB00796E42 /* CUDummyViewController.m in Sources */,
			);
			runOnlyForDeploymentPostprocessing = 0;
		};
/* End PBXSourcesBuildPhase section */

/* Begin PBXVariantGroup section */
		FA14293416EEBA5A00FEDF85 /* InfoPlist.strings */ = {
			isa = PBXVariantGroup;
			children = (
				FA14293516EEBA5A00FEDF85 /* en */,
			);
			name = InfoPlist.strings;
			sourceTree = "<group>";
		};
		FA14294316EEBA5A00FEDF85 /* MainStoryboard.storyboard */ = {
			isa = PBXVariantGroup;
			children = (
				FA14294416EEBA5A00FEDF85 /* en */,
			);
			name = MainStoryboard.storyboard;
			sourceTree = "<group>";
		};
/* End PBXVariantGroup section */

/* Begin XCBuildConfiguration section */
		FA14294916EEBA5A00FEDF85 /* Debug */ = {
			isa = XCBuildConfiguration;
			buildSettings = {
				ALWAYS_SEARCH_USER_PATHS = NO;
				CLANG_CXX_LANGUAGE_STANDARD = "gnu++0x";
				CLANG_CXX_LIBRARY = "libc++";
				CLANG_ENABLE_OBJC_ARC = YES;
				CLANG_WARN_CONSTANT_CONVERSION = YES;
				CLANG_WARN_EMPTY_BODY = YES;
				CLANG_WARN_ENUM_CONVERSION = YES;
				CLANG_WARN_INT_CONVERSION = YES;
				CLANG_WARN__DUPLICATE_METHOD_MATCH = YES;
				"CODE_SIGN_IDENTITY[sdk=iphoneos*]" = "iPhone Developer";
				COPY_PHASE_STRIP = NO;
				GCC_C_LANGUAGE_STANDARD = gnu99;
				GCC_DYNAMIC_NO_PIC = NO;
				GCC_OPTIMIZATION_LEVEL = 0;
				GCC_PREPROCESSOR_DEFINITIONS = (
					"DEBUG=1",
					"$(inherited)",
				);
				GCC_SYMBOLS_PRIVATE_EXTERN = NO;
				GCC_WARN_ABOUT_RETURN_TYPE = YES;
				GCC_WARN_UNINITIALIZED_AUTOS = YES;
				GCC_WARN_UNUSED_VARIABLE = YES;
				IPHONEOS_DEPLOYMENT_TARGET = 6.1;
				ONLY_ACTIVE_ARCH = YES;
				SDKROOT = iphoneos;
			};
			name = Debug;
		};
		FA14294A16EEBA5A00FEDF85 /* Release */ = {
			isa = XCBuildConfiguration;
			buildSettings = {
				ALWAYS_SEARCH_USER_PATHS = NO;
				CLANG_CXX_LANGUAGE_STANDARD = "gnu++0x";
				CLANG_CXX_LIBRARY = "libc++";
				CLANG_ENABLE_OBJC_ARC = YES;
				CLANG_WARN_CONSTANT_CONVERSION = YES;
				CLANG_WARN_EMPTY_BODY = YES;
				CLANG_WARN_ENUM_CONVERSION = YES;
				CLANG_WARN_INT_CONVERSION = YES;
				CLANG_WARN__DUPLICATE_METHOD_MATCH = YES;
				"CODE_SIGN_IDENTITY[sdk=iphoneos*]" = "iPhone Developer";
				COPY_PHASE_STRIP = YES;
				GCC_C_LANGUAGE_STANDARD = gnu99;
				GCC_WARN_ABOUT_RETURN_TYPE = YES;
				GCC_WARN_UNINITIALIZED_AUTOS = YES;
				GCC_WARN_UNUSED_VARIABLE = YES;
				IPHONEOS_DEPLOYMENT_TARGET = 6.1;
				OTHER_CFLAGS = "-DNS_BLOCK_ASSERTIONS=1";
				SDKROOT = iphoneos;
				VALIDATE_PRODUCT = YES;
			};
			name = Release;
		};
		FA14294C16EEBA5A00FEDF85 /* Debug */ = {
			isa = XCBuildConfiguration;
			buildSettings = {
				GCC_PRECOMPILE_PREFIX_HEADER = YES;
				GCC_PREFIX_HEADER = "NavigationExample/NavigationExample-Prefix.pch";
				INFOPLIST_FILE = "NavigationExample/NavigationExample-Info.plist";
				PRODUCT_NAME = "$(TARGET_NAME)";
				WRAPPER_EXTENSION = app;
			};
			name = Debug;
		};
		FA14294D16EEBA5A00FEDF85 /* Release */ = {
			isa = XCBuildConfiguration;
			buildSettings = {
				GCC_PRECOMPILE_PREFIX_HEADER = YES;
				GCC_PREFIX_HEADER = "NavigationExample/NavigationExample-Prefix.pch";
				INFOPLIST_FILE = "NavigationExample/NavigationExample-Info.plist";
				PRODUCT_NAME = "$(TARGET_NAME)";
				WRAPPER_EXTENSION = app;
			};
			name = Release;
		};
/* End XCBuildConfiguration section */

/* Begin XCConfigurationList section */
		FA14292316EEBA5A00FEDF85 /* Build configuration list for PBXProject "NavigationExample" */ = {
			isa = XCConfigurationList;
			buildConfigurations = (
				FA14294916EEBA5A00FEDF85 /* Debug */,
				FA14294A16EEBA5A00FEDF85 /* Release */,
			);
			defaultConfigurationIsVisible = 0;
			defaultConfigurationName = Release;
		};
		FA14294B16EEBA5A00FEDF85 /* Build configuration list for PBXNativeTarget "NavigationExample" */ = {
			isa = XCConfigurationList;
			buildConfigurations = (
				FA14294C16EEBA5A00FEDF85 /* Debug */,
				FA14294D16EEBA5A00FEDF85 /* Release */,
			);
			defaultConfigurationIsVisible = 0;
			defaultConfigurationName = Release;
		};
/* End XCConfigurationList section */
	};
	rootObject = FA14292016EEBA5A00FEDF85 /* Project object */;
}
